
Microsoft Visual Studio Solution File, Format Version 12.00
# Visual Studio 14
VisualStudioVersion = 14.0.25420.1
MinimumVisualStudioVersion = 10.0.40219.1
Project("{FAE04EC0-301F-11D3-BF4B-00C04F79EFBC}") = "ClassLibrary1", "ClassLibrary1\ClassLibrary1.csproj", "{34573E2C-BADA-4A6E-BD35-2329C2D0F6E1}"
EndProject
Project("{FAE04EC0-301F-11D3-BF4B-00C04F79EFBC}") = "UnitTestProject1", "UnitTestProject1\UnitTestProject1.csproj", "{A188A390-6336-43EA-9507-5E56CAABDE73}"
EndProject
Project("{FAE04EC0-301F-11D3-BF4B-00C04F79EFBC}") = "ClassLibrary1.Tests", "ClassLibrary1.Tests\ClassLibrary1.Tests.csproj", "{0EFA9E97-13C9-4282-A570-DFAF714A990F}"
EndProject
Project("{FAE04EC0-301F-11D3-BF4B-00C04F79EFBC}") = "WindowsFormsApplication1", "WindowsFormsApplication1\WindowsFormsApplication1.csproj", "{0AFA1E53-62B3-404B-ADFD-4457C902AACF}"
EndProject
Project("{FAE04EC0-301F-11D3-BF4B-00C04F79EFBC}") = "WindowsFormsApplication2", "WindowsFormsApplication2\WindowsFormsApplication2.csproj", "{05825A63-FEDB-4F93-B494-33685543605B}"
EndProject
Global
	GlobalSection(SolutionConfigurationPlatforms) = preSolution
		Debug|Any CPU = Debug|Any CPU
		Release|Any CPU = Release|Any CPU
	EndGlobalSection
	GlobalSection(ProjectConfigurationPlatforms) = postSolution
		{34573E2C-BADA-4A6E-BD35-2329C2D0F6E1}.Debug|Any CPU.ActiveCfg = Debug|Any CPU
		{34573E2C-BADA-4A6E-BD35-2329C2D0F6E1}.Debug|Any CPU.Build.0 = Debug|Any CPU
		{34573E2C-BADA-4A6E-BD35-2329C2D0F6E1}.Release|Any CPU.ActiveCfg = Release|Any CPU
		{34573E2C-BADA-4A6E-BD35-2329C2D0F6E1}.Release|Any CPU.Build.0 = Release|Any CPU
		{A188A390-6336-43EA-9507-5E56CAABDE73}.Debug|Any CPU.ActiveCfg = Debug|Any CPU
		{A188A390-6336-43EA-9507-5E56CAABDE73}.Debug|Any CPU.Build.0 = Debug|Any CPU
		{A188A390-6336-43EA-9507-5E56CAABDE73}.Release|Any CPU.ActiveCfg = Release|Any CPU
		{A188A390-6336-43EA-9507-5E56CAABDE73}.Release|Any CPU.Build.0 = Release|Any CPU
		{0EFA9E97-13C9-4282-A570-DFAF714A990F}.Debug|Any CPU.ActiveCfg = Debug|Any CPU
		{0EFA9E97-13C9-4282-A570-DFAF714A990F}.Debug|Any CPU.Build.0 = Debug|Any CPU
		{0EFA9E97-13C9-4282-A570-DFAF714A990F}.Release|Any CPU.ActiveCfg = Release|Any CPU
		{0EFA9E97-13C9-4282-A570-DFAF714A990F}.Release|Any CPU.Build.0 = Release|Any CPU
		{0AFA1E53-62B3-404B-ADFD-4457C902AACF}.Debug|Any CPU.ActiveCfg = Debug|Any CPU
		{0AFA1E53-62B3-404B-ADFD-4457C902AACF}.Debug|Any CPU.Build.0 = Debug|Any CPU
		{0AFA1E53-62B3-404B-ADFD-4457C902AACF}.Release|Any CPU.ActiveCfg = Release|Any CPU
		{0AFA1E53-62B3-404B-ADFD-4457C902AACF}.Release|Any CPU.Build.0 = Release|Any CPU
		{05825A63-FEDB-4F93-B494-33685543605B}.Debug|Any CPU.ActiveCfg = Debug|Any CPU
		{05825A63-FEDB-4F93-B494-33685543605B}.Debug|Any CPU.Build.0 = Debug|Any CPU
		{05825A63-FEDB-4F93-B494-33685543605B}.Release|Any CPU.ActiveCfg = Release|Any CPU
		{05825A63-FEDB-4F93-B494-33685543605B}.Release|Any CPU.Build.0 = Release|Any CPU
	EndGlobalSection
	GlobalSection(SolutionProperties) = preSolution
		HideSolutionNode = FALSE
	EndGlobalSection
EndGlobal
